
Microsoft Visual Studio Solution File, Format Version 12.00
# Visual Studio Version 16
VisualStudioVersion = 16.0.30320.27
MinimumVisualStudioVersion = 10.0.40219.1
Project("{9A19103F-16F7-4668-BE54-9A1E7A4F7556}") = "testedotnet1", "testedotnet1\testedotnet1.csproj", "{A49715A8-9A1D-48EF-BDD0-E51508C0CA8D}"
EndProject
Global
	GlobalSection(SolutionConfigurationPlatforms) = preSolution
		Debug|Any CPU = Debug|Any CPU
		Release|Any CPU = Release|Any CPU
	EndGlobalSection
	GlobalSection(ProjectConfigurationPlatforms) = postSolution
		{A49715A8-9A1D-48EF-BDD0-E51508C0CA8D}.Debug|Any CPU.ActiveCfg = Debug|Any CPU
		{A49715A8-9A1D-48EF-BDD0-E51508C0CA8D}.Debug|Any CPU.Build.0 = Debug|Any CPU
		{A49715A8-9A1D-48EF-BDD0-E51508C0CA8D}.Release|Any CPU.ActiveCfg = Release|Any CPU
		{A49715A8-9A1D-48EF-BDD0-E51508C0CA8D}.Release|Any CPU.Build.0 = Release|Any CPU
	EndGlobalSection
	GlobalSection(SolutionProperties) = preSolution
		HideSolutionNode = FALSE
	EndGlobalSection
	GlobalSection(ExtensibilityGlobals) = postSolution
		SolutionGuid = {0A47482F-DFA9-44A5-AF26-CA2108030E01}
	EndGlobalSection
EndGlobal
